
Microsoft Visual Studio Solution File, Format Version 12.00
# Visual Studio 15
VisualStudioVersion = 15.0.26730.10
MinimumVisualStudioVersion = 10.0.40219.1
Project("{FAE04EC0-301F-11D3-BF4B-00C04F79EFBC}") = "StoreWebApp", "StoreWebApp\StoreWebApp.csproj", "{CC525943-A8B1-47EF-955E-498317AB4A22}"
EndProject
Global
	GlobalSection(SolutionConfigurationPlatforms) = preSolution
		Debug|Any CPU = Debug|Any CPU
		Release|Any CPU = Release|Any CPU
	EndGlobalSection
	GlobalSection(ProjectConfigurationPlatforms) = postSolution
		{CC525943-A8B1-47EF-955E-498317AB4A22}.Debug|Any CPU.ActiveCfg = Debug|Any CPU
		{CC525943-A8B1-47EF-955E-498317AB4A22}.Debug|Any CPU.Build.0 = Debug|Any CPU
		{CC525943-A8B1-47EF-955E-498317AB4A22}.Release|Any CPU.ActiveCfg = Release|Any CPU
		{CC525943-A8B1-47EF-955E-498317AB4A22}.Release|Any CPU.Build.0 = Release|Any CPU
	EndGlobalSection
	GlobalSection(SolutionProperties) = preSolution
		HideSolutionNode = FALSE
	EndGlobalSection
	GlobalSection(ExtensibilityGlobals) = postSolution
		SolutionGuid = {843A8158-75BE-4188-8468-09E69E24CAF1}
	EndGlobalSection
EndGlobal
